{
  "name": "swagger-api-test",
  "version": "1.0.0",
  "lockfileVersion": 1,
  "requires": true,
  "dependencies": {
    "argparse": {
      "version": "1.0.10",
      "resolved": "https://registry.npmjs.org/argparse/-/argparse-1.0.10.tgz",
      "integrity": "sha512-o5Roy6tNG4SL/FOkCAN6RzjiakZS25RLYFrcMttJqbdd8BWrnA+fGz57iN5Pb06pvBGvl5gQ0B48dJlslXvoTg==",
      "requires": {
        "sprintf-js": "~1.0.2"
      }
    },
    "call-me-maybe": {
      "version": "1.0.1",
      "resolved": "https://registry.npmjs.org/call-me-maybe/-/call-me-maybe-1.0.1.tgz",
      "integrity": "sha1-JtII6onje1y95gJQoV8DHBak1ms="
    },
    "commander": {
      "version": "2.20.3",
      "resolved": "https://registry.npmjs.org/commander/-/commander-2.20.3.tgz",
      "integrity": "sha512-GpVkmM8vF2vQUkj2LvZmD35JxeJOLCwJ9cUkugyk2nuhbv3+mJvpLYYt+0+USMxE+oj+ey/lJEnhZw75x/OMcQ==",
      "optional": true
    },
    "esprima": {
      "version": "4.0.1",
      "resolved": "https://registry.npmjs.org/esprima/-/esprima-4.0.1.tgz",
      "integrity": "sha512-eGuFFw7Upda+g4p+QHvnW0RyTX/SVeJBDM/gCtMARO0cLuT2HcEKnTPvhjV6aGeqrCB/sbNop0Kszm0jsaWU4A=="
    },
    "js-yaml": {
      "version": "3.13.1",
      "resolved": "https://registry.npmjs.org/js-yaml/-/js-yaml-3.13.1.tgz",
      "integrity": "sha512-YfbcO7jXDdyj0DGxYVSlSeQNHbD7XPWvrVWeVUujrQEoZzWJIRrCPoyk6kL6IAjAG2IolMK4T0hNUe0HOUs5Jw==",
      "requires": {
        "argparse": "^1.0.7",
        "esprima": "^4.0.0"
      }
    },
    "json-schema-ref-parser": {
      "version": "7.1.1",
      "resolved": "https://registry.npmjs.org/json-schema-ref-parser/-/json-schema-ref-parser-7.1.1.tgz",
      "integrity": "sha512-5DGfOTuTAMFzjNw56kwEQ9YqjCvRPHRbEmPkPSNPuK4DR4TmLQrZ1k0UdO8EJ9DKjOPqtyBjtlSnvzAC6kwUsg==",
      "requires": {
        "call-me-maybe": "^1.0.1",
        "js-yaml": "^3.13.1",
        "ono": "^5.0.1"
      }
    },
    "lodash.get": {
      "version": "4.4.2",
      "resolved": "https://registry.npmjs.org/lodash.get/-/lodash.get-4.4.2.tgz",
      "integrity": "sha1-LRd/ZS+jHpObRDjVNBSZ36OCXpk="
    },
    "lodash.isequal": {
      "version": "4.5.0",
      "resolved": "https://registry.npmjs.org/lodash.isequal/-/lodash.isequal-4.5.0.tgz",
      "integrity": "sha1-QVxEePK8wwEgwizhDtMib30+GOA="
    },
    "ono": {
      "version": "5.1.0",
      "resolved": "https://registry.npmjs.org/ono/-/ono-5.1.0.tgz",
      "integrity": "sha512-GgqRIUWErLX4l9Up0khRtbrlH8Fyj59A0nKv8V6pWEto38aUgnOGOOF7UmgFFLzFnDSc8REzaTXOc0hqEe7yIw=="
    },
    "openapi-schemas": {
      "version": "1.0.2",
      "resolved": "https://registry.npmjs.org/openapi-schemas/-/openapi-schemas-1.0.2.tgz",
      "integrity": "sha512-54iKgQqgb0m/E+8VdcBTpSLsl3x8PL1GS0Zu43v6E+KSjvBypcjCC+agZC2TDRKDQHUM4WejQT98SxfH4sHHpA=="
    },
    "openapi-types": {
      "version": "1.3.5",
      "resolved": "https://registry.npmjs.org/openapi-types/-/openapi-types-1.3.5.tgz",
      "integrity": "sha512-11oi4zYorsgvg5yBarZplAqbpev5HkuVNPlZaPTknPDzAynq+lnJdXAmruGWP0s+dNYZS7bjM+xrTpJw7184Fg=="
    },
    "sprintf-js": {
      "version": "1.0.3",
      "resolved": "https://registry.npmjs.org/sprintf-js/-/sprintf-js-1.0.3.tgz",
      "integrity": "sha1-BOaSb2YolTVPPdAVIDYzuFcpfiw="
    },
    "swagger-methods": {
      "version": "2.0.1",
      "resolved": "https://registry.npmjs.org/swagger-methods/-/swagger-methods-2.0.1.tgz",
      "integrity": "sha512-+Wb4jXbZA724K1VriN1bFwUxoL0+Nr5vA4GT4Yz5rldxa+tG2aDjt5ONWeE6diviBbLTvncfuD3nQrPPFElYpA=="
    },
    "swagger-parser": {
      "version": "8.0.2",
      "resolved": "https://registry.npmjs.org/swagger-parser/-/swagger-parser-8.0.2.tgz",
      "integrity": "sha512-/PpU/XjHdxhfj9A6TM9k8fuZ9jPcIp28rqqQOpFv1Qhxx8/1XQxL/rWuE33s1Z/zIkbYUtAlauBMRScBGq8tLQ==",
      "requires": {
        "call-me-maybe": "^1.0.1",
        "json-schema-ref-parser": "^7.1.1",
        "ono": "^5.1.0",
        "openapi-schemas": "^1.0.2",
        "openapi-types": "^1.3.5",
        "swagger-methods": "^2.0.1",
        "z-schema": "^4.1.1"
      }
    },
    "validator": {
      "version": "11.1.0",
      "resolved": "https://registry.npmjs.org/validator/-/validator-11.1.0.tgz",
      "integrity": "sha512-qiQ5ktdO7CD6C/5/mYV4jku/7qnqzjrxb3C/Q5wR3vGGinHTgJZN/TdFT3ZX4vXhX2R1PXx42fB1cn5W+uJ4lg=="
    },
    "z-schema": {
      "version": "4.2.1",
      "resolved": "https://registry.npmjs.org/z-schema/-/z-schema-4.2.1.tgz",
      "integrity": "sha512-UWhAk5QzeIhks51TjHa6d4WexEokzbbwT+Dzq9yOBOx9sNnALo4hpYz9CfJ6IUE2cmzB0vWW3KHePYOfw3L4gQ==",
      "requires": {
        "commander": "^2.7.1",
        "lodash.get": "^4.4.2",
        "lodash.isequal": "^4.5.0",
        "validator": "^11.0.0"
      }
    }
  }
}
